{
  "lockfileVersion": 1,
  "configVersion": 1,
  "workspaces": {
    "": {
      "name": "readrun",
      "dependencies": {
        "@base-ui/react": "^1.6.0",
        "@shadcn/react": "^0.3.0",
        "bun-plugin-tailwind": "^0.1.2",
        "citty": "^0.2.2",
        "class-variance-authority": "^0.7.1",
        "clsx": "^2.1.1",
        "katex": "^0.18.4",
        "lucide-react": "^1.27.0",
        "react": "^19",
        "react-dom": "^19",
        "react-resizable-panels": "^4.12.2",
        "tailwind-merge": "^3.6.0",
        "tailwindcss": "^4.3.3",
        "three": "^0.184.0",
        "tw-animate-css": "^1.4.0",
        "typescript": "^5.9.3",
        "yaml": "^2.8.3",
      },
      "devDependencies": {
        "@types/bun": "^1.4.0",
        "@types/katex": "^0.16.8",
        "@types/react": "^19",
        "@types/react-dom": "^19",
        "@types/three": "^0.184.1",
        "happy-dom": "^20.11.2",
      },
    },
  },
  "packages": {
    "@babel/runtime": ["@babel/runtime@7.29.7", "", {}, "sha512-Nq8OhGWiZIZGV6hLHoyAKLLcJihP/xFeBMGJoUrxTX2psI8dCifzLhZISFb+VWS3wFMRDmCGw5R+dOySCqPLhw=="],

    "@base-ui/react": ["@base-ui/react@1.6.0", "", { "dependencies": { "@babel/runtime": "^7.29.2", "@base-ui/utils": "0.3.1", "@floating-ui/react-dom": "^2.1.8", "@floating-ui/utils": "^0.2.11", "use-sync-external-store": "^1.6.0" }, "peerDependencies": { "@date-fns/tz": "^1.2.0", "@types/react": "^17 || ^18 || ^19", "date-fns": "^4.0.0", "react": "^17 || ^18 || ^19", "react-dom": "^17 || ^18 || ^19" }, "optionalPeers": ["@date-fns/tz", "@types/react", "date-fns"] }, "sha512-/jzjTWJYXhRFO45Bev9lc3cHbmjzCMpUqbMZ2AgKy/z25mY9B6shGSNcXcjQar9n5doM0KYW1W8fcFv2jZBuMw=="],

    "@base-ui/utils": ["@base-ui/utils@0.3.1", "", { "dependencies": { "@babel/runtime": "^7.29.2", "@floating-ui/utils": "^0.2.11", "reselect": "^5.2.0", "use-sync-external-store": "^1.6.0" }, "peerDependencies": { "@types/react": "^17 || ^18 || ^19", "react": "^17 || ^18 || ^19", "react-dom": "^17 || ^18 || ^19" }, "optionalPeers": ["@types/react"] }, "sha512-gFFiltORVmW/N6IILTGxizP3PBpVpysqML1ALY5Vk0mH+7faVkCknOU31goYHN5Aoek2dkjxva1XOD2Ce9WuIg=="],

    "@dimforge/rapier3d-compat": ["@dimforge/rapier3d-compat@0.12.0", "", {}, "sha512-uekIGetywIgopfD97oDL5PfeezkFpNhwlzlaEYNOA0N6ghdsOvh/HYjSMek5Q2O1PYvRSDFcqFVJl4r4ZBwOow=="],

    "@floating-ui/core": ["@floating-ui/core@1.8.0", "", { "dependencies": { "@floating-ui/utils": "^0.2.12" } }, "sha512-0CIZ5itps/8x7BG8dEIhs53BvCUH2PCoogtakwRTut+Arm58sJooJ0AuZhLw2HJYIR5cMLNPBSS728sPho2khQ=="],

    "@floating-ui/dom": ["@floating-ui/dom@1.8.0", "", { "dependencies": { "@floating-ui/core": "^1.8.0", "@floating-ui/utils": "^0.2.12" } }, "sha512-yXSrzeHZBTZadLOlfyhCkJHNeLJnHRnRInwdZ40L7ZiaAtrBwoYlsDrX3v5zB1Utk7CLfzcOVnVVWoXEky7Ceg=="],

    "@floating-ui/react-dom": ["@floating-ui/react-dom@2.1.9", "", { "dependencies": { "@floating-ui/dom": "^1.8.0" }, "peerDependencies": { "react": ">=16.8.0", "react-dom": ">=16.8.0" } }, "sha512-JDjEFGCpImxDCA7JJKviA0M9+RtmJdj0m/NVU5IMgBK+AmZouAQQ7/+2GLH0GXXY0YMw9oXPB8hKdbPYg5QLYg=="],

    "@floating-ui/utils": ["@floating-ui/utils@0.2.12", "", {}, "sha512-HpCo8tmWzLVad5s2d19EhAz5zqrrQ6s69qd6moPMQvkOuSwDT1YgRfWSVuc4ennqrgv3OHppiOGMQ7oC13yIww=="],

    "@oven/bun-darwin-aarch64": ["@oven/bun-darwin-aarch64@1.4.0", "", { "os": "darwin", "cpu": "arm64" }, "sha512-GCpf8QuFLsyioVawP5HrMxA1ZRBlu6Hq9RNnSc3UTUWAzIxBso9trjoZczw1HdgpqSssFkszfIV2zmOzFTjhkw=="],

    "@oven/bun-darwin-x64": ["@oven/bun-darwin-x64@1.4.0", "", { "os": "darwin", "cpu": "x64" }, "sha512-cIrhwOr0SPEraewznhC+c/k6TG8bwFn5uZ4EJuXwjiKJLcAF36q7/bGjWkeXSe48JwMcPRUR054JXF7+cRwSSA=="],

    "@oven/bun-freebsd-aarch64": ["@oven/bun-freebsd-aarch64@1.4.0", "", { "os": "freebsd", "cpu": "arm64" }, "sha512-09x7wnjMR6M5KGBDBhVl2CpfoCIQOkVDbPX2KfIhpXv4N6grbWE7dfLPw/Ydi9gaUMGhU7UKhoz444Nu6RCycA=="],

    "@oven/bun-freebsd-x64": ["@oven/bun-freebsd-x64@1.4.0", "", { "os": "freebsd", "cpu": "x64" }, "sha512-dRwzti/qJqV1HWplU27iUWUqp+f2DtFSf2yqQKSb+HH2dDOC//Uqd9u/A5h1DMsLszfP5OGP9UwQIKxVwFODaA=="],

    "@oven/bun-linux-aarch64": ["@oven/bun-linux-aarch64@1.4.0", "", { "os": "linux", "cpu": "arm64" }, "sha512-Y5yAtCbHK6JjprXEtkdklDQFPADgs+CkfcliyY5g4JJ8baGHyQSrfpSkX3XVJ2C+aBLsdwNDdW+oczMsAwx6uA=="],

    "@oven/bun-linux-aarch64-android": ["@oven/bun-linux-aarch64-android@1.4.0", "", { "os": "android", "cpu": "arm64" }, "sha512-HpPIxJfDNPBPhiBNMyZoo/dOLijARfsx5j72vNuLtaTvl0Hh7HUculxjsOQ2WSyGoCgqXMEr1Qqjab1im9u1RA=="],

    "@oven/bun-linux-aarch64-musl": ["@oven/bun-linux-aarch64-musl@1.4.0", "", { "os": "linux", "cpu": "arm64" }, "sha512-RUjAAkJ/CdNV++zVxyANWshPc73CECYsfhk0fWAkoJjtywxJ2BwXzI6nopBBDMfs0HS+fhRGn6zGwU8ccxLeJg=="],

    "@oven/bun-linux-x64": ["@oven/bun-linux-x64@1.4.0", "", { "os": "linux", "cpu": "x64" }, "sha512-Du44zebtPXJujvMLmtIxEQ6ykOhYt7L/Q+YIGVm+Yy+Pj/fpOnq60ggwIpKp/pGAFbYHNiTrA3JTjuZ9MTbZIg=="],

    "@oven/bun-linux-x64-android": ["@oven/bun-linux-x64-android@1.4.0", "", { "os": "android", "cpu": "x64" }, "sha512-u++KyLlfMn36yWz+AgJs+fZtS46UFDNpSSZhrcitkytONtNwq0X6Q9BDVEFXxYl/+Eec0xme1rb6MgW+U35WeA=="],

    "@oven/bun-linux-x64-musl": ["@oven/bun-linux-x64-musl@1.4.0", "", { "os": "linux", "cpu": "x64" }, "sha512-C1Dv+ISL8YKEKM9jAHzNifOcRUoziy6UMxh+yVXjUCP6QnbRhENDHLaIWWkQZJyBLTn0I3xozflorAlHiGzGqA=="],

    "@oven/bun-windows-aarch64": ["@oven/bun-windows-aarch64@1.4.0", "", { "os": "win32", "cpu": "arm64" }, "sha512-FBAYaQpJBP0asgqzL6NFUfjdQqsV+kvTpJ/eWxPKj+RcDgIfPSuE8kvQuPYu5pa8u8JTujYMjmuyvHxVuQsInA=="],

    "@oven/bun-windows-x64": ["@oven/bun-windows-x64@1.4.0", "", { "os": "win32", "cpu": "x64" }, "sha512-jRKv1NPLznMSZY5BEWciMF7zv0Tiyo2pQSxAJ3w+YWJ6y3VWNJQQQdLlV5Jx8lbOFDrJdrc9dD3GV17k3BP41A=="],

    "@shadcn/react": ["@shadcn/react@0.3.0", "", { "peerDependencies": { "@types/react": ">=19", "react": ">=19" }, "optionalPeers": ["@types/react", "react"] }, "sha512-iKN0NuYe850VDHlxEfvppFrpa7CMV3zArTHusXlaSmeFeQhohGbIqclv6WwPTs/44I8EkXQpcuRt6sXEVKkWqQ=="],

    "@tweenjs/tween.js": ["@tweenjs/tween.js@23.1.3", "", {}, "sha512-vJmvvwFxYuGnF2axRtPYocag6Clbb5YS7kLL+SO/TeVFzHqDIWrNKYtcsPMibjDx9O+bu+psAy9NKfWklassUA=="],

    "@types/bun": ["@types/bun@1.4.0", "", { "dependencies": { "bun-types": "1.4.0" } }, "sha512-K+lZULY23vRgK/CfTjFIV+tyifaNdSMlPh9j+6mQ/cLfpOznLyAuzgV/JQysyECpkBQLVMSyvjlr2fBUSA9wFQ=="],

    "@types/katex": ["@types/katex@0.16.8", "", {}, "sha512-trgaNyfU+Xh2Tc+ABIb44a5AYUpicB3uwirOioeOkNPPbmgRNtcWyDeeFRzjPZENO9Vq8gvVqfhaaXWLlevVwg=="],

    "@types/node": ["@types/node@25.5.0", "", { "dependencies": { "undici-types": "~7.18.0" } }, "sha512-jp2P3tQMSxWugkCUKLRPVUpGaL5MVFwF8RDuSRztfwgN1wmqJeMSbKlnEtQqU8UrhTmzEmZdu2I6v2dpp7XIxw=="],

    "@types/react": ["@types/react@19.2.18", "", { "dependencies": { "csstype": "^3.2.2" } }, "sha512-AnzbBERsrLKtk2XSfTbYRLjQPdy116Sty4q+T+Bp3IC4l6jNBvreVPAHmpq9qhXQM7CXZPjLVmGMw9sy+hxQ3w=="],

    "@types/react-dom": ["@types/react-dom@19.2.4", "", { "peerDependencies": { "@types/react": "^19.2.0" } }, "sha512-Bsc+QHgp+P/F02XDzNCY9jnZNCUuLki36KT7VKrTXXLdHf+vHMNZnW1rVu5DNW/rCK+fya3DATySbLM4yhtKUw=="],

    "@types/stats.js": ["@types/stats.js@0.17.4", "", {}, "sha512-jIBvWWShCvlBqBNIZt0KAshWpvSjhkwkEu4ZUcASoAvhmrgAUI2t1dXrjSL4xXVLB4FznPrIsX3nKXFl/Dt4vA=="],

    "@types/three": ["@types/three@0.184.1", "", { "dependencies": { "@dimforge/rapier3d-compat": "~0.12.0", "@tweenjs/tween.js": "~23.1.3", "@types/stats.js": "*", "@types/webxr": ">=0.5.17", "fflate": "~0.8.2", "meshoptimizer": "~1.1.1" } }, "sha512-6q4VdiqVsrTRqmk62/BnlcAvIrnDM0zf2ZDVKI5kZiniWrSaOHaQzmbp+BNzoggc/8tgW412pL//wZIxu2PPTA=="],

    "@types/webxr": ["@types/webxr@0.5.24", "", {}, "sha512-h8fgEd/DpoS9CBrjEQXR+dIDraopAEfu4wYVNY2tEPwk60stPWhvZMf4Foo5FakuQ7HFZoa8WceaWFervK2Ovg=="],

    "@types/whatwg-mimetype": ["@types/whatwg-mimetype@3.0.2", "", {}, "sha512-c2AKvDT8ToxLIOUlN51gTiHXflsfIFisS4pO7pDPoKouJCESkhZnEy623gwP9laCy5lnLDAw1vAzu2vM2YLOrA=="],

    "@types/ws": ["@types/ws@8.18.1", "", { "dependencies": { "@types/node": "*" } }, "sha512-ThVF6DCVhA8kUGy+aazFQ4kXQ7E1Ty7A3ypFOe0IcJV8O/M511G99AW24irKrW56Wt44yG9+ij8FaqoBGkuBXg=="],

    "buffer-image-size": ["buffer-image-size@0.6.4", "", { "dependencies": { "@types/node": "*" } }, "sha512-nEh+kZOPY1w+gcCMobZ6ETUp9WfibndnosbpwB1iJk/8Gt5ZF2bhS6+B6bPYz424KtwsR6Rflc3tCz1/ghX2dQ=="],

    "bun": ["bun@1.4.0", "", { "optionalDependencies": { "@oven/bun-darwin-aarch64": "1.4.0", "@oven/bun-darwin-x64": "1.4.0", "@oven/bun-freebsd-aarch64": "1.4.0", "@oven/bun-freebsd-x64": "1.4.0", "@oven/bun-linux-aarch64": "1.4.0", "@oven/bun-linux-aarch64-android": "1.4.0", "@oven/bun-linux-aarch64-musl": "1.4.0", "@oven/bun-linux-x64": "1.4.0", "@oven/bun-linux-x64-android": "1.4.0", "@oven/bun-linux-x64-musl": "1.4.0", "@oven/bun-windows-aarch64": "1.4.0", "@oven/bun-windows-x64": "1.4.0" }, "os": [ "!aix", "!sunos", "!openbsd", ], "cpu": [ "x64", "arm64", ], "bin": { "bun": "bin/bun.exe", "bunx": "bin/bunx.exe" } }, "sha512-iRiFkc2W7UVpCyZXO9tod45TP9QCyN19fWqbpeN/jaM/K7uzeHYx/OSPsahMJazGKBgPsnxRt+4Jc43d8BcHZw=="],

    "bun-plugin-tailwind": ["bun-plugin-tailwind@0.1.2", "", { "peerDependencies": { "bun": ">=1.0.0" } }, "sha512-41jNC1tZRSK3s1o7pTNrLuQG8kL/0vR/JgiTmZAJ1eHwe0w5j6HFPKeqEk0WAD13jfrUC7+ULuewFBBCoADPpg=="],

    "bun-types": ["bun-types@1.4.0", "", { "dependencies": { "@types/node": "*" } }, "sha512-iIKw23BspnQQYd3prITOBxeUsxBHnwzX6YJfGMuNOZzeNcMmVqzIIVGRm1l69ogaPQmb4wB6BN8mA5bE9YuC5Q=="],

    "citty": ["citty@0.2.2", "", {}, "sha512-+6vJA3L98yv+IdfKGZHBNiGW5KHn22e/JwID0Strsz8h4S/csAu/OuICwxrg44k5MRiZHWIo8XXuJgQTriRP4w=="],

    "class-variance-authority": ["class-variance-authority@0.7.1", "", { "dependencies": { "clsx": "^2.1.1" } }, "sha512-Ka+9Trutv7G8M6WT6SeiRWz792K5qEqIGEGzXKhAE6xOWAY6pPH8U+9IY3oCMv6kqTmLsv7Xh/2w2RigkePMsg=="],

    "clsx": ["clsx@2.1.1", "", {}, "sha512-eYm0QWBtUrBWZWG0d386OGAw16Z995PiOVo2B7bjWSbHedGl5e0ZWaq65kOGgUSNesEIDkB9ISbTg/JK9dhCZA=="],

    "commander": ["commander@8.3.0", "", {}, "sha512-OkTL9umf+He2DZkUq8f8J9of7yL6RJKI24dVITBmNfZBmri9zYZQrKkuXiKhyfPSu8tUhnVBB1iKXevvnlR4Ww=="],

    "csstype": ["csstype@3.2.3", "", {}, "sha512-z1HGKcYy2xA8AGQfwrn0PAy+PB7X/GSj3UVJW9qKyn43xWa+gl5nXmU4qqLMRzWVLFC8KusUX8T/0kCiOYpAIQ=="],

    "entities": ["entities@7.0.1", "", {}, "sha512-TWrgLOFUQTH994YUyl1yT4uyavY5nNB5muff+RtWaqNVCAK408b5ZnnbNAUEWLTCpum9w6arT70i1XdQ4UeOPA=="],

    "fflate": ["fflate@0.8.2", "", {}, "sha512-cPJU47OaAoCbg0pBvzsgpTPhmhqI5eJjh/JIu8tPj5q+T7iLvW/JAYUqmE7KOB4R1ZyEhzBaIQpQpardBF5z8A=="],

    "happy-dom": ["happy-dom@20.11.2", "", { "dependencies": { "@types/node": ">=20.0.0", "@types/whatwg-mimetype": "^3.0.2", "@types/ws": "^8.18.1", "buffer-image-size": "^0.6.4", "entities": "^7.0.1", "whatwg-mimetype": "^3.0.0", "ws": "^8.21.0" } }, "sha512-7MB+bJLkxu3SowAfBJbjW+c55kNz5tkR45gu2qzrxznezhLeN5YIlJbwUgSzlGc+qWoZ8Ykg71H5ezz69xixrw=="],

    "katex": ["katex@0.18.4", "", { "dependencies": { "commander": "^8.3.0" }, "bin": { "katex": "cli.js" } }, "sha512-IMPntbRLOU+eu88XDiFKqQ8Akhr9Tv7jDMXqPhjG9SI1JMA4DIgXk4x9k4skJz2NZJXBRbC+2pYBLj9olqcZow=="],

    "lucide-react": ["lucide-react@1.27.0", "", { "peerDependencies": { "react": "^16.5.1 || ^17.0.0 || ^18.0.0 || ^19.0.0" } }, "sha512-rJicGl/3Fly/E0rOH1YmPZ6e49JCnKknh1ox1vpHnkfjujAkKA6sqUZvH3MTAaXXjgexyUwgNwTJzTtYuAFYJw=="],

    "meshoptimizer": ["meshoptimizer@1.1.1", "", {}, "sha512-oRFNWJRDA/WTrVj7NWvqa5HqE1t9MYDj2VaWirQCzCCrAd2GHrqR/sQezCxiWATPNlKTcRaPRHPJwIRoPBAp5g=="],

    "react": ["react@19.2.8", "", {}, "sha512-PWaYA1L/q9u2u7xYQi+Y3L3Yfnie7XyLeaJICV1MGD6LprsBxcAqGjYyr0eY3p+QdsA+x/Irkt4Qif8D63+Sbw=="],

    "react-dom": ["react-dom@19.2.8", "", { "dependencies": { "scheduler": "^0.27.0" }, "peerDependencies": { "react": "^19.2.8" } }, "sha512-rVprimfGBG3DR+Tq0IQG2DT5PxKth1WIGDmj5yPmlzr4YBe7uyE+Du4oVqTDXZSHGGGXRtTJEGSSePyQCMBglQ=="],

    "react-resizable-panels": ["react-resizable-panels@4.12.2", "", { "peerDependencies": { "react": "^18.0.0 || ^19.0.0", "react-dom": "^18.0.0 || ^19.0.0" } }, "sha512-NwY5LCo4WrxVvDh0xoMML6EMLPONP/8ckKcIdpnojxexoatZdjLiRqLJQjQK5CPkd4SYiB/2M5BVrjZBQtOO7Q=="],

    "reselect": ["reselect@5.2.0", "", {}, "sha512-AgZ3UOZm3YndfrJ4OYjgrT7bmCm/1iqkjvEfH/oYjzh6PD2qw4QuT3jjnXIrpdt4MTpMXclMT3lXbmRY+XRakw=="],

    "scheduler": ["scheduler@0.27.0", "", {}, "sha512-eNv+WrVbKu1f3vbYJT/xtiF5syA5HPIMtf9IgY/nKg0sWqzAUEvqY/xm7OcZc/qafLx/iO9FgOmeSAp4v5ti/Q=="],

    "tailwind-merge": ["tailwind-merge@3.6.0", "", {}, "sha512-uxL7qAVQriqRQPAyK3pj66VqskWqoZ37PW94jwOTwNfq/z9oyu1V+eqrZqtR2+fCiXdYOZe/Modt8GtvqNzu+w=="],

    "tailwindcss": ["tailwindcss@4.3.3", "", {}, "sha512-gOhV3P7ufE62QDGg1zVaTgCR+EtPv92k2nIhVcVKcLmxT1sUBsQGhnZj175j+MqRt4zLF7ic+sCYjfhxMxj7YQ=="],

    "three": ["three@0.184.0", "", {}, "sha512-wtTRjG92pM5eUg/KuUnHsqSAlPM296brTOcLgMRqEeylYTh/CdtvKUvCyyCQTzFuStieWxvZb8mVTMvdPyUpxg=="],

    "tw-animate-css": ["tw-animate-css@1.4.0", "", {}, "sha512-7bziOlRqH0hJx80h/3mbicLW7o8qLsH5+RaLR2t+OHM3D0JlWGODQKQ4cxbK7WlvmUxpcj6Kgu6EKqjrGFe3QQ=="],

    "typescript": ["typescript@5.9.3", "", { "bin": { "tsc": "bin/tsc", "tsserver": "bin/tsserver" } }, "sha512-jl1vZzPDinLr9eUt3J/t7V6FgNEw9QjvBPdysz9KfQDD41fQrC2Y4vKQdiaUpFT4bXlb1RHhLpp8wtm6M5TgSw=="],

    "undici-types": ["undici-types@7.18.2", "", {}, "sha512-AsuCzffGHJybSaRrmr5eHr81mwJU3kjw6M+uprWvCXiNeN9SOGwQ3Jn8jb8m3Z6izVgknn1R0FTCEAP2QrLY/w=="],

    "use-sync-external-store": ["use-sync-external-store@1.6.0", "", { "peerDependencies": { "react": "^16.8.0 || ^17.0.0 || ^18.0.0 || ^19.0.0" } }, "sha512-Pp6GSwGP/NrPIrxVFAIkOQeyw8lFenOHijQWkUTrDvrF4ALqylP2C/KCkeS9dpUM3KvYRQhna5vt7IL95+ZQ9w=="],

    "whatwg-mimetype": ["whatwg-mimetype@3.0.0", "", {}, "sha512-nt+N2dzIutVRxARx1nghPKGv1xHikU7HKdfafKkLNLindmPU/ch3U31NOCGGA/dmPcmb1VlofO0vnKAcsm0o/Q=="],

    "ws": ["ws@8.21.3", "", { "peerDependencies": { "bufferutil": "^4.0.1", "utf-8-validate": ">=5.0.2" }, "optionalPeers": ["bufferutil", "utf-8-validate"] }, "sha512-201TZ/kPWxoPr/OKWjquZR1SWKXcvxdH+e1xrx89b3YbmzLMFCLfnaG1HFIgWzJOEWZ7MvpK++odZufgYR50Rw=="],

    "yaml": ["yaml@2.8.3", "", { "bin": { "yaml": "bin.mjs" } }, "sha512-AvbaCLOO2Otw/lW5bmh9d/WEdcDFdQp2Z2ZUH3pX9U2ihyUY0nvLv7J6TrWowklRGPYbB/IuIMfYgxaCPg5Bpg=="],
  }
}
