{
  "lockfileVersion": 1,
  "configVersion": 1,
  "workspaces": {
    "": {
      "name": "readrun",
      "dependencies": {
        "@base-ui/react": "^1.6.0",
        "@vscode/markdown-it-katex": "^1.1.2",
        "citty": "^0.2.2",
        "esbuild": "^0.24.0",
        "highlight.js": "^11.11.1",
        "markdown-it": "^14.1.1",
        "react": "^18.3.0",
        "react-dom": "^18.3.0",
        "three": "^0.184.0",
        "yaml": "^2.8.3",
      },
      "devDependencies": {
        "@types/bun": "^1.3.0",
        "@types/markdown-it": "^14.1.2",
        "@types/react": "^18.3.0",
        "@types/react-dom": "^18.3.0",
        "@types/three": "^0.184.1",
        "typescript": "^5.9.3",
      },
    },
  },
  "packages": {
    "@babel/runtime": ["@babel/runtime@7.29.7", "", {}, "sha512-Nq8OhGWiZIZGV6hLHoyAKLLcJihP/xFeBMGJoUrxTX2psI8dCifzLhZISFb+VWS3wFMRDmCGw5R+dOySCqPLhw=="],

    "@base-ui/react": ["@base-ui/react@1.6.0", "", { "dependencies": { "@babel/runtime": "^7.29.2", "@base-ui/utils": "0.3.1", "@floating-ui/react-dom": "^2.1.8", "@floating-ui/utils": "^0.2.11", "use-sync-external-store": "^1.6.0" }, "peerDependencies": { "@date-fns/tz": "^1.2.0", "@types/react": "^17 || ^18 || ^19", "date-fns": "^4.0.0", "react": "^17 || ^18 || ^19", "react-dom": "^17 || ^18 || ^19" }, "optionalPeers": ["@date-fns/tz", "@types/react", "date-fns"] }, "sha512-/jzjTWJYXhRFO45Bev9lc3cHbmjzCMpUqbMZ2AgKy/z25mY9B6shGSNcXcjQar9n5doM0KYW1W8fcFv2jZBuMw=="],

    "@base-ui/utils": ["@base-ui/utils@0.3.1", "", { "dependencies": { "@babel/runtime": "^7.29.2", "@floating-ui/utils": "^0.2.11", "reselect": "^5.2.0", "use-sync-external-store": "^1.6.0" }, "peerDependencies": { "@types/react": "^17 || ^18 || ^19", "react": "^17 || ^18 || ^19", "react-dom": "^17 || ^18 || ^19" }, "optionalPeers": ["@types/react"] }, "sha512-gFFiltORVmW/N6IILTGxizP3PBpVpysqML1ALY5Vk0mH+7faVkCknOU31goYHN5Aoek2dkjxva1XOD2Ce9WuIg=="],

    "@dimforge/rapier3d-compat": ["@dimforge/rapier3d-compat@0.12.0", "", {}, "sha512-uekIGetywIgopfD97oDL5PfeezkFpNhwlzlaEYNOA0N6ghdsOvh/HYjSMek5Q2O1PYvRSDFcqFVJl4r4ZBwOow=="],

    "@esbuild/aix-ppc64": ["@esbuild/aix-ppc64@0.24.2", "", { "os": "aix", "cpu": "ppc64" }, "sha512-thpVCb/rhxE/BnMLQ7GReQLLN8q9qbHmI55F4489/ByVg2aQaQ6kbcLb6FHkocZzQhxc4gx0sCk0tJkKBFzDhA=="],

    "@esbuild/android-arm": ["@esbuild/android-arm@0.24.2", "", { "os": "android", "cpu": "arm" }, "sha512-tmwl4hJkCfNHwFB3nBa8z1Uy3ypZpxqxfTQOcHX+xRByyYgunVbZ9MzUUfb0RxaHIMnbHagwAxuTL+tnNM+1/Q=="],

    "@esbuild/android-arm64": ["@esbuild/android-arm64@0.24.2", "", { "os": "android", "cpu": "arm64" }, "sha512-cNLgeqCqV8WxfcTIOeL4OAtSmL8JjcN6m09XIgro1Wi7cF4t/THaWEa7eL5CMoMBdjoHOTh/vwTO/o2TRXIyzg=="],

    "@esbuild/android-x64": ["@esbuild/android-x64@0.24.2", "", { "os": "android", "cpu": "x64" }, "sha512-B6Q0YQDqMx9D7rvIcsXfmJfvUYLoP722bgfBlO5cGvNVb5V/+Y7nhBE3mHV9OpxBf4eAS2S68KZztiPaWq4XYw=="],

    "@esbuild/darwin-arm64": ["@esbuild/darwin-arm64@0.24.2", "", { "os": "darwin", "cpu": "arm64" }, "sha512-kj3AnYWc+CekmZnS5IPu9D+HWtUI49hbnyqk0FLEJDbzCIQt7hg7ucF1SQAilhtYpIujfaHr6O0UHlzzSPdOeA=="],

    "@esbuild/darwin-x64": ["@esbuild/darwin-x64@0.24.2", "", { "os": "darwin", "cpu": "x64" }, "sha512-WeSrmwwHaPkNR5H3yYfowhZcbriGqooyu3zI/3GGpF8AyUdsrrP0X6KumITGA9WOyiJavnGZUwPGvxvwfWPHIA=="],

    "@esbuild/freebsd-arm64": ["@esbuild/freebsd-arm64@0.24.2", "", { "os": "freebsd", "cpu": "arm64" }, "sha512-UN8HXjtJ0k/Mj6a9+5u6+2eZ2ERD7Edt1Q9IZiB5UZAIdPnVKDoG7mdTVGhHJIeEml60JteamR3qhsr1r8gXvg=="],

    "@esbuild/freebsd-x64": ["@esbuild/freebsd-x64@0.24.2", "", { "os": "freebsd", "cpu": "x64" }, "sha512-TvW7wE/89PYW+IevEJXZ5sF6gJRDY/14hyIGFXdIucxCsbRmLUcjseQu1SyTko+2idmCw94TgyaEZi9HUSOe3Q=="],

    "@esbuild/linux-arm": ["@esbuild/linux-arm@0.24.2", "", { "os": "linux", "cpu": "arm" }, "sha512-n0WRM/gWIdU29J57hJyUdIsk0WarGd6To0s+Y+LwvlC55wt+GT/OgkwoXCXvIue1i1sSNWblHEig00GBWiJgfA=="],

    "@esbuild/linux-arm64": ["@esbuild/linux-arm64@0.24.2", "", { "os": "linux", "cpu": "arm64" }, "sha512-7HnAD6074BW43YvvUmE/35Id9/NB7BeX5EoNkK9obndmZBUk8xmJJeU7DwmUeN7tkysslb2eSl6CTrYz6oEMQg=="],

    "@esbuild/linux-ia32": ["@esbuild/linux-ia32@0.24.2", "", { "os": "linux", "cpu": "ia32" }, "sha512-sfv0tGPQhcZOgTKO3oBE9xpHuUqguHvSo4jl+wjnKwFpapx+vUDcawbwPNuBIAYdRAvIDBfZVvXprIj3HA+Ugw=="],

    "@esbuild/linux-loong64": ["@esbuild/linux-loong64@0.24.2", "", { "os": "linux", "cpu": "none" }, "sha512-CN9AZr8kEndGooS35ntToZLTQLHEjtVB5n7dl8ZcTZMonJ7CCfStrYhrzF97eAecqVbVJ7APOEe18RPI4KLhwQ=="],

    "@esbuild/linux-mips64el": ["@esbuild/linux-mips64el@0.24.2", "", { "os": "linux", "cpu": "none" }, "sha512-iMkk7qr/wl3exJATwkISxI7kTcmHKE+BlymIAbHO8xanq/TjHaaVThFF6ipWzPHryoFsesNQJPE/3wFJw4+huw=="],

    "@esbuild/linux-ppc64": ["@esbuild/linux-ppc64@0.24.2", "", { "os": "linux", "cpu": "ppc64" }, "sha512-shsVrgCZ57Vr2L8mm39kO5PPIb+843FStGt7sGGoqiiWYconSxwTiuswC1VJZLCjNiMLAMh34jg4VSEQb+iEbw=="],

    "@esbuild/linux-riscv64": ["@esbuild/linux-riscv64@0.24.2", "", { "os": "linux", "cpu": "none" }, "sha512-4eSFWnU9Hhd68fW16GD0TINewo1L6dRrB+oLNNbYyMUAeOD2yCK5KXGK1GH4qD/kT+bTEXjsyTCiJGHPZ3eM9Q=="],

    "@esbuild/linux-s390x": ["@esbuild/linux-s390x@0.24.2", "", { "os": "linux", "cpu": "s390x" }, "sha512-S0Bh0A53b0YHL2XEXC20bHLuGMOhFDO6GN4b3YjRLK//Ep3ql3erpNcPlEFed93hsQAjAQDNsvcK+hV90FubSw=="],

    "@esbuild/linux-x64": ["@esbuild/linux-x64@0.24.2", "", { "os": "linux", "cpu": "x64" }, "sha512-8Qi4nQcCTbLnK9WoMjdC9NiTG6/E38RNICU6sUNqK0QFxCYgoARqVqxdFmWkdonVsvGqWhmm7MO0jyTqLqwj0Q=="],

    "@esbuild/netbsd-arm64": ["@esbuild/netbsd-arm64@0.24.2", "", { "os": "none", "cpu": "arm64" }, "sha512-wuLK/VztRRpMt9zyHSazyCVdCXlpHkKm34WUyinD2lzK07FAHTq0KQvZZlXikNWkDGoT6x3TD51jKQ7gMVpopw=="],

    "@esbuild/netbsd-x64": ["@esbuild/netbsd-x64@0.24.2", "", { "os": "none", "cpu": "x64" }, "sha512-VefFaQUc4FMmJuAxmIHgUmfNiLXY438XrL4GDNV1Y1H/RW3qow68xTwjZKfj/+Plp9NANmzbH5R40Meudu8mmw=="],

    "@esbuild/openbsd-arm64": ["@esbuild/openbsd-arm64@0.24.2", "", { "os": "openbsd", "cpu": "arm64" }, "sha512-YQbi46SBct6iKnszhSvdluqDmxCJA+Pu280Av9WICNwQmMxV7nLRHZfjQzwbPs3jeWnuAhE9Jy0NrnJ12Oz+0A=="],

    "@esbuild/openbsd-x64": ["@esbuild/openbsd-x64@0.24.2", "", { "os": "openbsd", "cpu": "x64" }, "sha512-+iDS6zpNM6EnJyWv0bMGLWSWeXGN/HTaF/LXHXHwejGsVi+ooqDfMCCTerNFxEkM3wYVcExkeGXNqshc9iMaOA=="],

    "@esbuild/sunos-x64": ["@esbuild/sunos-x64@0.24.2", "", { "os": "sunos", "cpu": "x64" }, "sha512-hTdsW27jcktEvpwNHJU4ZwWFGkz2zRJUz8pvddmXPtXDzVKTTINmlmga3ZzwcuMpUvLw7JkLy9QLKyGpD2Yxig=="],

    "@esbuild/win32-arm64": ["@esbuild/win32-arm64@0.24.2", "", { "os": "win32", "cpu": "arm64" }, "sha512-LihEQ2BBKVFLOC9ZItT9iFprsE9tqjDjnbulhHoFxYQtQfai7qfluVODIYxt1PgdoyQkz23+01rzwNwYfutxUQ=="],

    "@esbuild/win32-ia32": ["@esbuild/win32-ia32@0.24.2", "", { "os": "win32", "cpu": "ia32" }, "sha512-q+iGUwfs8tncmFC9pcnD5IvRHAzmbwQ3GPS5/ceCyHdjXubwQWI12MKWSNSMYLJMq23/IUCvJMS76PDqXe1fxA=="],

    "@esbuild/win32-x64": ["@esbuild/win32-x64@0.24.2", "", { "os": "win32", "cpu": "x64" }, "sha512-7VTgWzgMGvup6aSqDPLiW5zHaxYJGTO4OokMjIlrCtf+VpEL+cXKtCvg723iguPYI5oaUNdS+/V7OU2gvXVWEg=="],

    "@floating-ui/core": ["@floating-ui/core@1.8.0", "", { "dependencies": { "@floating-ui/utils": "^0.2.12" } }, "sha512-0CIZ5itps/8x7BG8dEIhs53BvCUH2PCoogtakwRTut+Arm58sJooJ0AuZhLw2HJYIR5cMLNPBSS728sPho2khQ=="],

    "@floating-ui/dom": ["@floating-ui/dom@1.8.0", "", { "dependencies": { "@floating-ui/core": "^1.8.0", "@floating-ui/utils": "^0.2.12" } }, "sha512-yXSrzeHZBTZadLOlfyhCkJHNeLJnHRnRInwdZ40L7ZiaAtrBwoYlsDrX3v5zB1Utk7CLfzcOVnVVWoXEky7Ceg=="],

    "@floating-ui/react-dom": ["@floating-ui/react-dom@2.1.9", "", { "dependencies": { "@floating-ui/dom": "^1.8.0" }, "peerDependencies": { "react": ">=16.8.0", "react-dom": ">=16.8.0" } }, "sha512-JDjEFGCpImxDCA7JJKviA0M9+RtmJdj0m/NVU5IMgBK+AmZouAQQ7/+2GLH0GXXY0YMw9oXPB8hKdbPYg5QLYg=="],

    "@floating-ui/utils": ["@floating-ui/utils@0.2.12", "", {}, "sha512-HpCo8tmWzLVad5s2d19EhAz5zqrrQ6s69qd6moPMQvkOuSwDT1YgRfWSVuc4ennqrgv3OHppiOGMQ7oC13yIww=="],

    "@tweenjs/tween.js": ["@tweenjs/tween.js@23.1.3", "", {}, "sha512-vJmvvwFxYuGnF2axRtPYocag6Clbb5YS7kLL+SO/TeVFzHqDIWrNKYtcsPMibjDx9O+bu+psAy9NKfWklassUA=="],

    "@types/bun": ["@types/bun@1.3.11", "", { "dependencies": { "bun-types": "1.3.11" } }, "sha512-5vPne5QvtpjGpsGYXiFyycfpDF2ECyPcTSsFBMa0fraoxiQyMJ3SmuQIGhzPg2WJuWxVBoxWJ2kClYTcw/4fAg=="],

    "@types/linkify-it": ["@types/linkify-it@5.0.0", "", {}, "sha512-sVDA58zAw4eWAffKOaQH5/5j3XeayukzDk+ewSsnv3p4yJEZHCCzMDiZM8e0OUrRvmpGZ85jf4yDHkHsgBNr9Q=="],

    "@types/markdown-it": ["@types/markdown-it@14.1.2", "", { "dependencies": { "@types/linkify-it": "^5", "@types/mdurl": "^2" } }, "sha512-promo4eFwuiW+TfGxhi+0x3czqTYJkG8qB17ZUJiVF10Xm7NLVRSLUsfRTU/6h1e24VvRnXCx+hG7li58lkzog=="],

    "@types/mdurl": ["@types/mdurl@2.0.0", "", {}, "sha512-RGdgjQUZba5p6QEFAVx2OGb8rQDL/cPRG7GiedRzMcJ1tYnUANBncjbSB1NRGwbvjcPeikRABz2nshyPk1bhWg=="],

    "@types/node": ["@types/node@25.5.0", "", { "dependencies": { "undici-types": "~7.18.0" } }, "sha512-jp2P3tQMSxWugkCUKLRPVUpGaL5MVFwF8RDuSRztfwgN1wmqJeMSbKlnEtQqU8UrhTmzEmZdu2I6v2dpp7XIxw=="],

    "@types/prop-types": ["@types/prop-types@15.7.15", "", {}, "sha512-F6bEyamV9jKGAFBEmlQnesRPGOQqS2+Uwi0Em15xenOxHaf2hv6L8YCVn3rPdPJOiJfPiCnLIRyvwVaqMY3MIw=="],

    "@types/react": ["@types/react@18.3.28", "", { "dependencies": { "@types/prop-types": "*", "csstype": "^3.2.2" } }, "sha512-z9VXpC7MWrhfWipitjNdgCauoMLRdIILQsAEV+ZesIzBq/oUlxk0m3ApZuMFCXdnS4U7KrI+l3WRUEGQ8K1QKw=="],

    "@types/react-dom": ["@types/react-dom@18.3.7", "", { "peerDependencies": { "@types/react": "^18.0.0" } }, "sha512-MEe3UeoENYVFXzoXEWsvcpg6ZvlrFNlOQ7EOsvhI3CfAXwzPfO8Qwuxd40nepsYKqyyVQnTdEfv68q91yLcKrQ=="],

    "@types/stats.js": ["@types/stats.js@0.17.4", "", {}, "sha512-jIBvWWShCvlBqBNIZt0KAshWpvSjhkwkEu4ZUcASoAvhmrgAUI2t1dXrjSL4xXVLB4FznPrIsX3nKXFl/Dt4vA=="],

    "@types/three": ["@types/three@0.184.1", "", { "dependencies": { "@dimforge/rapier3d-compat": "~0.12.0", "@tweenjs/tween.js": "~23.1.3", "@types/stats.js": "*", "@types/webxr": ">=0.5.17", "fflate": "~0.8.2", "meshoptimizer": "~1.1.1" } }, "sha512-6q4VdiqVsrTRqmk62/BnlcAvIrnDM0zf2ZDVKI5kZiniWrSaOHaQzmbp+BNzoggc/8tgW412pL//wZIxu2PPTA=="],

    "@types/webxr": ["@types/webxr@0.5.24", "", {}, "sha512-h8fgEd/DpoS9CBrjEQXR+dIDraopAEfu4wYVNY2tEPwk60stPWhvZMf4Foo5FakuQ7HFZoa8WceaWFervK2Ovg=="],

    "@vscode/markdown-it-katex": ["@vscode/markdown-it-katex@1.1.2", "", { "dependencies": { "katex": "^0.16.4" } }, "sha512-+4IIv5PgrmhKvW/3LpkpkGg257OViEhXkOOgCyj5KMsjsOfnRXkni8XAuuF9Ui5p3B8WnUovlDXAQNb8RJ/RaQ=="],

    "argparse": ["argparse@2.0.1", "", {}, "sha512-8+9WqebbFzpX9OR+Wa6O29asIogeRMzcGtAINdpMHHyAg10f05aSFVBbcEqGf/PXw1EjAZ+q2/bEBg3DvurK3Q=="],

    "bun-types": ["bun-types@1.3.11", "", { "dependencies": { "@types/node": "*" } }, "sha512-1KGPpoxQWl9f6wcZh57LvrPIInQMn2TQ7jsgxqpRzg+l0QPOFvJVH7HmvHo/AiPgwXy+/Thf6Ov3EdVn1vOabg=="],

    "citty": ["citty@0.2.2", "", {}, "sha512-+6vJA3L98yv+IdfKGZHBNiGW5KHn22e/JwID0Strsz8h4S/csAu/OuICwxrg44k5MRiZHWIo8XXuJgQTriRP4w=="],

    "commander": ["commander@8.3.0", "", {}, "sha512-OkTL9umf+He2DZkUq8f8J9of7yL6RJKI24dVITBmNfZBmri9zYZQrKkuXiKhyfPSu8tUhnVBB1iKXevvnlR4Ww=="],

    "csstype": ["csstype@3.2.3", "", {}, "sha512-z1HGKcYy2xA8AGQfwrn0PAy+PB7X/GSj3UVJW9qKyn43xWa+gl5nXmU4qqLMRzWVLFC8KusUX8T/0kCiOYpAIQ=="],

    "entities": ["entities@4.5.0", "", {}, "sha512-V0hjH4dGPh9Ao5p0MoRY6BVqtwCjhz6vI5LT8AJ55H+4g9/4vbHx1I54fS0XuclLhDHArPQCiMjDxjaL8fPxhw=="],

    "esbuild": ["esbuild@0.24.2", "", { "optionalDependencies": { "@esbuild/aix-ppc64": "0.24.2", "@esbuild/android-arm": "0.24.2", "@esbuild/android-arm64": "0.24.2", "@esbuild/android-x64": "0.24.2", "@esbuild/darwin-arm64": "0.24.2", "@esbuild/darwin-x64": "0.24.2", "@esbuild/freebsd-arm64": "0.24.2", "@esbuild/freebsd-x64": "0.24.2", "@esbuild/linux-arm": "0.24.2", "@esbuild/linux-arm64": "0.24.2", "@esbuild/linux-ia32": "0.24.2", "@esbuild/linux-loong64": "0.24.2", "@esbuild/linux-mips64el": "0.24.2", "@esbuild/linux-ppc64": "0.24.2", "@esbuild/linux-riscv64": "0.24.2", "@esbuild/linux-s390x": "0.24.2", "@esbuild/linux-x64": "0.24.2", "@esbuild/netbsd-arm64": "0.24.2", "@esbuild/netbsd-x64": "0.24.2", "@esbuild/openbsd-arm64": "0.24.2", "@esbuild/openbsd-x64": "0.24.2", "@esbuild/sunos-x64": "0.24.2", "@esbuild/win32-arm64": "0.24.2", "@esbuild/win32-ia32": "0.24.2", "@esbuild/win32-x64": "0.24.2" }, "bin": { "esbuild": "bin/esbuild" } }, "sha512-+9egpBW8I3CD5XPe0n6BfT5fxLzxrlDzqydF3aviG+9ni1lDC/OvMHcxqEFV0+LANZG5R1bFMWfUrjVsdwxJvA=="],

    "fflate": ["fflate@0.8.2", "", {}, "sha512-cPJU47OaAoCbg0pBvzsgpTPhmhqI5eJjh/JIu8tPj5q+T7iLvW/JAYUqmE7KOB4R1ZyEhzBaIQpQpardBF5z8A=="],

    "highlight.js": ["highlight.js@11.11.1", "", {}, "sha512-Xwwo44whKBVCYoliBQwaPvtd/2tYFkRQtXDWj1nackaV2JPXx3L0+Jvd8/qCJ2p+ML0/XVkJ2q+Mr+UVdpJK5w=="],

    "js-tokens": ["js-tokens@4.0.0", "", {}, "sha512-RdJUflcE3cUzKiMqQgsCu06FPu9UdIJO0beYbPhHN4k6apgJtifcoCtT9bcxOpYBtpD2kCM6Sbzg4CausW/PKQ=="],

    "katex": ["katex@0.16.43", "", { "dependencies": { "commander": "^8.3.0" }, "bin": { "katex": "cli.js" } }, "sha512-K7NL5JtGrFEglipOAjY4UYA69CnTuNmjArxeXF6+bw7h2OGySUPv6QWRjfb1gmutJ4Mw/qLeBqiROOEDULp4nA=="],

    "linkify-it": ["linkify-it@5.0.0", "", { "dependencies": { "uc.micro": "^2.0.0" } }, "sha512-5aHCbzQRADcdP+ATqnDuhhJ/MRIqDkZX5pyjFHRRysS8vZ5AbqGEoFIb6pYHPZ+L/OC2Lc+xT8uHVVR5CAK/wQ=="],

    "loose-envify": ["loose-envify@1.4.0", "", { "dependencies": { "js-tokens": "^3.0.0 || ^4.0.0" }, "bin": { "loose-envify": "cli.js" } }, "sha512-lyuxPGr/Wfhrlem2CL/UcnUc1zcqKAImBDzukY7Y5F/yQiNdko6+fRLevlw1HgMySw7f611UIY408EtxRSoK3Q=="],

    "markdown-it": ["markdown-it@14.1.1", "", { "dependencies": { "argparse": "^2.0.1", "entities": "^4.4.0", "linkify-it": "^5.0.0", "mdurl": "^2.0.0", "punycode.js": "^2.3.1", "uc.micro": "^2.1.0" }, "bin": { "markdown-it": "bin/markdown-it.mjs" } }, "sha512-BuU2qnTti9YKgK5N+IeMubp14ZUKUUw7yeJbkjtosvHiP0AZ5c8IAgEMk79D0eC8F23r4Ac/q8cAIFdm2FtyoA=="],

    "mdurl": ["mdurl@2.0.0", "", {}, "sha512-Lf+9+2r+Tdp5wXDXC4PcIBjTDtq4UKjCPMQhKIuzpJNW0b96kVqSwW0bT7FhRSfmAiFYgP+SCRvdrDozfh0U5w=="],

    "meshoptimizer": ["meshoptimizer@1.1.1", "", {}, "sha512-oRFNWJRDA/WTrVj7NWvqa5HqE1t9MYDj2VaWirQCzCCrAd2GHrqR/sQezCxiWATPNlKTcRaPRHPJwIRoPBAp5g=="],

    "punycode.js": ["punycode.js@2.3.1", "", {}, "sha512-uxFIHU0YlHYhDQtV4R9J6a52SLx28BCjT+4ieh7IGbgwVJWO+km431c4yRlREUAsAmt/uMjQUyQHNEPf0M39CA=="],

    "react": ["react@18.3.1", "", { "dependencies": { "loose-envify": "^1.1.0" } }, "sha512-wS+hAgJShR0KhEvPJArfuPVN1+Hz1t0Y6n5jLrGQbkb4urgPE/0Rve+1kMB1v/oWgHgm4WIcV+i7F2pTVj+2iQ=="],

    "react-dom": ["react-dom@18.3.1", "", { "dependencies": { "loose-envify": "^1.1.0", "scheduler": "^0.23.2" }, "peerDependencies": { "react": "^18.3.1" } }, "sha512-5m4nQKp+rZRb09LNH59GM4BxTh9251/ylbKIbpe7TpGxfJ+9kv6BLkLBXIjjspbgbnIBNqlI23tRnTWT0snUIw=="],

    "reselect": ["reselect@5.2.0", "", {}, "sha512-AgZ3UOZm3YndfrJ4OYjgrT7bmCm/1iqkjvEfH/oYjzh6PD2qw4QuT3jjnXIrpdt4MTpMXclMT3lXbmRY+XRakw=="],

    "scheduler": ["scheduler@0.23.2", "", { "dependencies": { "loose-envify": "^1.1.0" } }, "sha512-UOShsPwz7NrMUqhR6t0hWjFduvOzbtv7toDH1/hIrfRNIDBnnBWd0CwJTGvTpngVlmwGCdP9/Zl/tVrDqcuYzQ=="],

    "three": ["three@0.184.0", "", {}, "sha512-wtTRjG92pM5eUg/KuUnHsqSAlPM296brTOcLgMRqEeylYTh/CdtvKUvCyyCQTzFuStieWxvZb8mVTMvdPyUpxg=="],

    "typescript": ["typescript@5.9.3", "", { "bin": { "tsc": "bin/tsc", "tsserver": "bin/tsserver" } }, "sha512-jl1vZzPDinLr9eUt3J/t7V6FgNEw9QjvBPdysz9KfQDD41fQrC2Y4vKQdiaUpFT4bXlb1RHhLpp8wtm6M5TgSw=="],

    "uc.micro": ["uc.micro@2.1.0", "", {}, "sha512-ARDJmphmdvUk6Glw7y9DQ2bFkKBHwQHLi2lsaH6PPmz/Ka9sFOBsBluozhDltWmnv9u/cF6Rt87znRTPV+yp/A=="],

    "undici-types": ["undici-types@7.18.2", "", {}, "sha512-AsuCzffGHJybSaRrmr5eHr81mwJU3kjw6M+uprWvCXiNeN9SOGwQ3Jn8jb8m3Z6izVgknn1R0FTCEAP2QrLY/w=="],

    "use-sync-external-store": ["use-sync-external-store@1.6.0", "", { "peerDependencies": { "react": "^16.8.0 || ^17.0.0 || ^18.0.0 || ^19.0.0" } }, "sha512-Pp6GSwGP/NrPIrxVFAIkOQeyw8lFenOHijQWkUTrDvrF4ALqylP2C/KCkeS9dpUM3KvYRQhna5vt7IL95+ZQ9w=="],

    "yaml": ["yaml@2.8.3", "", { "bin": { "yaml": "bin.mjs" } }, "sha512-AvbaCLOO2Otw/lW5bmh9d/WEdcDFdQp2Z2ZUH3pX9U2ihyUY0nvLv7J6TrWowklRGPYbB/IuIMfYgxaCPg5Bpg=="],
  }
}
